{
  "name": "names_recognition",
  "version": "1.0.0",
  "lockfileVersion": 3,
  "requires": true,
  "packages": {
    "": {
      "name": "names_recognition",
      "version": "1.0.0",
      "license": "ISC",
      "dependencies": {
        "@fast-csv/parse": "^4.3.6",
        "fast-csv": "^4.3.6",
        "wink-ner": "^2.1.0"
      }
    },
    "node_modules/@fast-csv/format": {
      "version": "4.3.5",
      "resolved": "https://registry.npmjs.org/@fast-csv/format/-/format-4.3.5.tgz",
      "integrity": "sha512-8iRn6QF3I8Ak78lNAa+Gdl5MJJBM5vRHivFtMRUWINdevNo00K7OXxS2PshawLKTejVwieIlPmK5YlLu6w4u8A==",
      "dependencies": {
        "@types/node": "^14.0.1",
        "lodash.escaperegexp": "^4.1.2",
        "lodash.isboolean": "^3.0.3",
        "lodash.isequal": "^4.5.0",
        "lodash.isfunction": "^3.0.9",
        "lodash.isnil": "^4.0.0"
      }
    },
    "node_modules/@fast-csv/parse": {
      "version": "4.3.6",
      "resolved": "https://registry.npmjs.org/@fast-csv/parse/-/parse-4.3.6.tgz",
      "integrity": "sha512-uRsLYksqpbDmWaSmzvJcuApSEe38+6NQZBUsuAyMZKqHxH0g1wcJgsKUvN3WC8tewaqFjBMMGrkHmC+T7k8LvA==",
      "dependencies": {
        "@types/node": "^14.0.1",
        "lodash.escaperegexp": "^4.1.2",
        "lodash.groupby": "^4.6.0",
        "lodash.isfunction": "^3.0.9",
        "lodash.isnil": "^4.0.0",
        "lodash.isundefined": "^3.0.1",
        "lodash.uniq": "^4.5.0"
      }
    },
    "node_modules/@types/node": {
      "version": "14.18.61",
      "resolved": "https://registry.npmjs.org/@types/node/-/node-14.18.61.tgz",
      "integrity": "sha512-1mFT4DqS4/s9tlZbdkwEB/EnSykA9MDeDLIk3FHApGvIMGY//qgstB2gu9GKGESWyW/qiRUO+jhlLJ9bBJ8j+Q=="
    },
    "node_modules/emoji-regex": {
      "version": "9.2.2",
      "resolved": "https://registry.npmjs.org/emoji-regex/-/emoji-regex-9.2.2.tgz",
      "integrity": "sha512-L18DaJsXSUk2+42pv8mLs5jJT2hqFkFE4j21wOmgbUqsZ2hL72NsUU785g9RXgo3s0ZNgVl42TiHp3ZtOv/Vyg=="
    },
    "node_modules/fast-csv": {
      "version": "4.3.6",
      "resolved": "https://registry.npmjs.org/fast-csv/-/fast-csv-4.3.6.tgz",
      "integrity": "sha512-2RNSpuwwsJGP0frGsOmTb9oUF+VkFSM4SyLTDgwf2ciHWTarN0lQTC+F2f/t5J9QjW+c65VFIAAu85GsvMIusw==",
      "dependencies": {
        "@fast-csv/format": "4.3.5",
        "@fast-csv/parse": "4.3.6"
      },
      "engines": {
        "node": ">=10.0.0"
      }
    },
    "node_modules/lodash.escaperegexp": {
      "version": "4.1.2",
      "resolved": "https://registry.npmjs.org/lodash.escaperegexp/-/lodash.escaperegexp-4.1.2.tgz",
      "integrity": "sha512-TM9YBvyC84ZxE3rgfefxUWiQKLilstD6k7PTGt6wfbtXF8ixIJLOL3VYyV/z+ZiPLsVxAsKAFVwWlWeb2Y8Yyw=="
    },
    "node_modules/lodash.groupby": {
      "version": "4.6.0",
      "resolved": "https://registry.npmjs.org/lodash.groupby/-/lodash.groupby-4.6.0.tgz",
      "integrity": "sha512-5dcWxm23+VAoz+awKmBaiBvzox8+RqMgFhi7UvX9DHZr2HdxHXM/Wrf8cfKpsW37RNrvtPn6hSwNqurSILbmJw=="
    },
    "node_modules/lodash.isboolean": {
      "version": "3.0.3",
      "resolved": "https://registry.npmjs.org/lodash.isboolean/-/lodash.isboolean-3.0.3.tgz",
      "integrity": "sha512-Bz5mupy2SVbPHURB98VAcw+aHh4vRV5IPNhILUCsOzRmsTmSQ17jIuqopAentWoehktxGd9e/hbIXq980/1QJg=="
    },
    "node_modules/lodash.isequal": {
      "version": "4.5.0",
      "resolved": "https://registry.npmjs.org/lodash.isequal/-/lodash.isequal-4.5.0.tgz",
      "integrity": "sha512-pDo3lu8Jhfjqls6GkMgpahsF9kCyayhgykjyLMNFTKWrpVdAQtYyB4muAMWozBB4ig/dtWAmsMxLEI8wuz+DYQ=="
    },
    "node_modules/lodash.isfunction": {
      "version": "3.0.9",
      "resolved": "https://registry.npmjs.org/lodash.isfunction/-/lodash.isfunction-3.0.9.tgz",
      "integrity": "sha512-AirXNj15uRIMMPihnkInB4i3NHeb4iBtNg9WRWuK2o31S+ePwwNmDPaTL3o7dTJ+VXNZim7rFs4rxN4YU1oUJw=="
    },
    "node_modules/lodash.isnil": {
      "version": "4.0.0",
      "resolved": "https://registry.npmjs.org/lodash.isnil/-/lodash.isnil-4.0.0.tgz",
      "integrity": "sha512-up2Mzq3545mwVnMhTDMdfoG1OurpA/s5t88JmQX809eH3C8491iu2sfKhTfhQtKY78oPNhiaHJUpT/dUDAAtng=="
    },
    "node_modules/lodash.isundefined": {
      "version": "3.0.1",
      "resolved": "https://registry.npmjs.org/lodash.isundefined/-/lodash.isundefined-3.0.1.tgz",
      "integrity": "sha512-MXB1is3s899/cD8jheYYE2V9qTHwKvt+npCwpD+1Sxm3Q3cECXCiYHjeHWXNwr6Q0SOBPrYUDxendrO6goVTEA=="
    },
    "node_modules/lodash.uniq": {
      "version": "4.5.0",
      "resolved": "https://registry.npmjs.org/lodash.uniq/-/lodash.uniq-4.5.0.tgz",
      "integrity": "sha512-xfBaXQd9ryd9dlSDvnvI0lvxfLJlYAZzXomUYzLKtUeOQvOP5piqAWuGtrhWeqaXK9hhoM/iyJc5AV+XfsX3HQ=="
    },
    "node_modules/wink-helpers": {
      "version": "2.0.0",
      "resolved": "https://registry.npmjs.org/wink-helpers/-/wink-helpers-2.0.0.tgz",
      "integrity": "sha512-I/ZzXrHcNRXuoeFJmp2vMVqDI6UCK02Tds1WP4kSGAmx520gjL1BObVzF7d2ps24tyHIly9ngdB2jwhlFUjPvg=="
    },
    "node_modules/wink-lemmatizer": {
      "version": "3.0.4",
      "resolved": "https://registry.npmjs.org/wink-lemmatizer/-/wink-lemmatizer-3.0.4.tgz",
      "integrity": "sha512-EdLJfy1xLF2ze2cp9Z3qiEWjiq+V8ZVRWiWooCXTXR0AyPxY8ezm4E0puJ0yIj5szzED9tcXV2U7RboaGvboFw==",
      "dependencies": {
        "wink-lexicon": "^2.2.0",
        "wink-porter2-stemmer": "^2.0.0"
      }
    },
    "node_modules/wink-lexicon": {
      "version": "2.2.0",
      "resolved": "https://registry.npmjs.org/wink-lexicon/-/wink-lexicon-2.2.0.tgz",
      "integrity": "sha512-QIuHS9r/HV6q3PCCz6pymg4gbsryW9wDk8CHdU+sDn0kJcHpECNDIcdY0Q/mZpqxtFLp9dzIw7pjcStLBbGZGg=="
    },
    "node_modules/wink-ner": {
      "version": "2.1.0",
      "resolved": "https://registry.npmjs.org/wink-ner/-/wink-ner-2.1.0.tgz",
      "integrity": "sha512-l85RssXEnOn7QgnjI8IPwjeF7/Z9FWpuSeI3Ib9uOQ9jDZN6TddfPR72BZ5VV1Hl5+IeAIvtn42ZVnHVz7CJEA==",
      "dependencies": {
        "wink-helpers": "^2.0.0",
        "wink-lemmatizer": "^3.0.1",
        "wink-tokenizer": "^5.2.1"
      }
    },
    "node_modules/wink-porter2-stemmer": {
      "version": "2.0.1",
      "resolved": "https://registry.npmjs.org/wink-porter2-stemmer/-/wink-porter2-stemmer-2.0.1.tgz",
      "integrity": "sha512-0g+RkkqhRXFmSpJQStVXW5N/WsshWpJXsoDRW7DwVkGI2uDT6IBCoq3xdH5p6IHLaC6ygk7RWUsUx4alKxoagQ=="
    },
    "node_modules/wink-tokenizer": {
      "version": "5.3.0",
      "resolved": "https://registry.npmjs.org/wink-tokenizer/-/wink-tokenizer-5.3.0.tgz",
      "integrity": "sha512-O/yAw0g3FmSgeeQuYAJJfP7fVPB4A6ay0018qASh79aWmIOyPYy4j4r9EQT8xBjicja6lCLvgRVAybmEBaATQA==",
      "dependencies": {
        "emoji-regex": "^9.0.0"
      }
    }
  }
}
